{
  "name": "calcus",
  "version": "2.3.0",
  "lockfileVersion": 3,
  "requires": true,
  "packages": {
    "": {
      "name": "calcus",
      "version": "2.3.0",
      "license": "GPL-v3",
      "dependencies": {
        "@creativebulma/bulma-badge": "^1.0.1",
        "@floating-ui/core": "^1.3.0",
        "@floating-ui/dom": "^1.3.0",
        "3dmol": "^2.0.3",
        "bulma": "^0.9.4",
        "bulma-pricingtable": "^0.2.0",
        "bulma-slider": "2.0.4",
        "bulma-switch": "^2.0.4",
        "clipboard": "^2.0.11",
        "cytoscape": "^3.25.0",
        "cytoscape-dagre": "^2.5.0",
        "dagre": "^0.8.5",
        "dygraphs": "^2.2.1",
        "jquery": "^3.7.0",
        "jquery-ui": "^1.13.2",
        "sass": "^1.63.3",
        "shepherd.js": "^11.1.1"
      }
    },
    "node_modules/@creativebulma/bulma-badge": {
      "version": "1.0.1",
      "resolved": "https://registry.npmjs.org/@creativebulma/bulma-badge/-/bulma-badge-1.0.1.tgz",
      "integrity": "sha512-cTMgxPdTOsAfPqd9wbrvKNUTvnIt+pNgwwO9Xzu6MRUIFlvGRtIVApaV51f3wt0/uI78BpKv5FPAtEJbmSTZOg=="
    },
    "node_modules/@floating-ui/core": {
      "version": "1.3.0",
      "resolved": "https://registry.npmjs.org/@floating-ui/core/-/core-1.3.0.tgz",
      "integrity": "sha512-vX1WVAdPjZg9DkDkC+zEx/tKtnST6/qcNpwcjeBgco3XRNHz5PUA+ivi/yr6G3o0kMR60uKBJcfOdfzOFI7PMQ=="
    },
    "node_modules/@floating-ui/dom": {
      "version": "1.3.0",
      "resolved": "https://registry.npmjs.org/@floating-ui/dom/-/dom-1.3.0.tgz",
      "integrity": "sha512-qIAwejE3r6NeA107u4ELDKkH8+VtgRKdXqtSPaKflL2S2V+doyN+Wt9s5oHKXPDo4E8TaVXaHT3+6BbagH31xw==",
      "dependencies": {
        "@floating-ui/core": "^1.3.0"
      }
    },
    "node_modules/3dmol": {
      "version": "2.0.3",
      "resolved": "https://registry.npmjs.org/3dmol/-/3dmol-2.0.3.tgz",
      "integrity": "sha512-1O7AIUN65uuE8RF8ZKC2sD2pLo7SZbsIMNnA3EqeRtK1+xkmnGoybgnOLwuNMmM5EN97EXs/WgPpNsXGSautFw==",
      "dependencies": {
        "iobuffer": "^5.3.1",
        "netcdfjs": "^2.0.2",
        "pako": "^2.1.0",
        "upng-js": "^2.1.0"
      },
      "engines": {
        "node": ">=16.16.0",
        "npm": ">=8.11"
      }
    },
    "node_modules/anymatch": {
      "version": "3.1.3",
      "resolved": "https://registry.npmjs.org/anymatch/-/anymatch-3.1.3.tgz",
      "integrity": "sha512-KMReFUr0B4t+D+OBkjR3KYqvocp2XaSzO55UcB6mgQMd3KbcE+mWTyvVV7D/zsdEbNnV6acZUutkiHQXvTr1Rw==",
      "dependencies": {
        "normalize-path": "^3.0.0",
        "picomatch": "^2.0.4"
      },
      "engines": {
        "node": ">= 8"
      }
    },
    "node_modules/binary-extensions": {
      "version": "2.2.0",
      "resolved": "https://registry.npmjs.org/binary-extensions/-/binary-extensions-2.2.0.tgz",
      "integrity": "sha512-jDctJ/IVQbZoJykoeHbhXpOlNBqGNcwXJKJog42E5HDPUwQTSdjCHdihjj0DlnheQ7blbT6dHOafNAiS8ooQKA==",
      "engines": {
        "node": ">=8"
      }
    },
    "node_modules/braces": {
      "version": "3.0.2",
      "resolved": "https://registry.npmjs.org/braces/-/braces-3.0.2.tgz",
      "integrity": "sha512-b8um+L1RzM3WDSzvhm6gIz1yfTbBt6YTlcEKAvsmqCZZFw46z626lVj9j1yEPW33H5H+lBQpZMP1k8l+78Ha0A==",
      "dependencies": {
        "fill-range": "^7.0.1"
      },
      "engines": {
        "node": ">=8"
      }
    },
    "node_modules/bulma": {
      "version": "0.9.4",
      "resolved": "https://registry.npmjs.org/bulma/-/bulma-0.9.4.tgz",
      "integrity": "sha512-86FlT5+1GrsgKbPLRRY7cGDg8fsJiP/jzTqXXVqiUZZ2aZT8uemEOHlU1CDU+TxklPEZ11HZNNWclRBBecP4CQ=="
    },
    "node_modules/bulma-pricingtable": {
      "version": "0.2.0",
      "resolved": "https://registry.npmjs.org/bulma-pricingtable/-/bulma-pricingtable-0.2.0.tgz",
      "integrity": "sha512-4feDoGG5kxfzYNo+eplIbofEerO2FjwJgWoTdM1K8frU1eMHzd2Beh0Jo+18Q0N/83l+YxZydxw/xPijbCOsdQ=="
    },
    "node_modules/bulma-slider": {
      "version": "2.0.4",
      "resolved": "https://registry.npmjs.org/bulma-slider/-/bulma-slider-2.0.4.tgz",
      "integrity": "sha512-JKuU/vp2si5I2rWiHBKaaYWBRECNY1Ow7yNFjxlHdUnPLowNee02K6QYd/ORGEesFPAHXOt+mKPZTEYFhKmviQ=="
    },
    "node_modules/bulma-switch": {
      "version": "2.0.4",
      "resolved": "https://registry.npmjs.org/bulma-switch/-/bulma-switch-2.0.4.tgz",
      "integrity": "sha512-kMu4H0Pr0VjvfsnT6viRDCgptUq0Rvy7y7PX6q+IHg1xUynsjszPjhAdal5ysAlCG5HNO+5YXxeiu92qYGQolw=="
    },
    "node_modules/chokidar": {
      "version": "3.5.3",
      "resolved": "https://registry.npmjs.org/chokidar/-/chokidar-3.5.3.tgz",
      "integrity": "sha512-Dr3sfKRP6oTcjf2JmUmFJfeVMvXBdegxB0iVQ5eb2V10uFJUCAS8OByZdVAyVb8xXNz3GjjTgj9kLWsZTqE6kw==",
      "funding": [
        {
          "type": "individual",
          "url": "https://paulmillr.com/funding/"
        }
      ],
      "dependencies": {
        "anymatch": "~3.1.2",
        "braces": "~3.0.2",
        "glob-parent": "~5.1.2",
        "is-binary-path": "~2.1.0",
        "is-glob": "~4.0.1",
        "normalize-path": "~3.0.0",
        "readdirp": "~3.6.0"
      },
      "engines": {
        "node": ">= 8.10.0"
      },
      "optionalDependencies": {
        "fsevents": "~2.3.2"
      }
    },
    "node_modules/clipboard": {
      "version": "2.0.11",
      "resolved": "https://registry.npmjs.org/clipboard/-/clipboard-2.0.11.tgz",
      "integrity": "sha512-C+0bbOqkezLIsmWSvlsXS0Q0bmkugu7jcfMIACB+RDEntIzQIkdr148we28AfSloQLRdZlYL/QYyrq05j/3Faw==",
      "dependencies": {
        "good-listener": "^1.2.2",
        "select": "^1.1.2",
        "tiny-emitter": "^2.0.0"
      }
    },
    "node_modules/cytoscape": {
      "version": "3.25.0",
      "resolved": "https://registry.npmjs.org/cytoscape/-/cytoscape-3.25.0.tgz",
      "integrity": "sha512-7MW3Iz57mCUo6JQCho6CmPBCbTlJr7LzyEtIkutG255HLVd4XuBg2I9BkTZLI/e4HoaOB/BiAzXuQybQ95+r9Q==",
      "dependencies": {
        "heap": "^0.2.6",
        "lodash": "^4.17.21"
      },
      "engines": {
        "node": ">=0.10"
      }
    },
    "node_modules/cytoscape-dagre": {
      "version": "2.5.0",
      "resolved": "https://registry.npmjs.org/cytoscape-dagre/-/cytoscape-dagre-2.5.0.tgz",
      "integrity": "sha512-VG2Knemmshop4kh5fpLO27rYcyUaaDkRw+6PiX4bstpB+QFt0p2oauMrsjVbUamGWQ6YNavh7x2em2uZlzV44g==",
      "dependencies": {
        "dagre": "^0.8.5"
      },
      "peerDependencies": {
        "cytoscape": "^3.2.22"
      }
    },
    "node_modules/dagre": {
      "version": "0.8.5",
      "resolved": "https://registry.npmjs.org/dagre/-/dagre-0.8.5.tgz",
      "integrity": "sha512-/aTqmnRta7x7MCCpExk7HQL2O4owCT2h8NT//9I1OQ9vt29Pa0BzSAkR5lwFUcQ7491yVi/3CXU9jQ5o0Mn2Sw==",
      "dependencies": {
        "graphlib": "^2.1.8",
        "lodash": "^4.17.15"
      }
    },
    "node_modules/deepmerge": {
      "version": "4.3.1",
      "resolved": "https://registry.npmjs.org/deepmerge/-/deepmerge-4.3.1.tgz",
      "integrity": "sha512-3sUqbMEc77XqpdNO7FRyRog+eW3ph+GYCbj+rK+uYyRMuwsVy0rMiVtPn+QJlKFvWP/1PYpapqYn0Me2knFn+A==",
      "engines": {
        "node": ">=0.10.0"
      }
    },
    "node_modules/delegate": {
      "version": "3.2.0",
      "resolved": "https://registry.npmjs.org/delegate/-/delegate-3.2.0.tgz",
      "integrity": "sha512-IofjkYBZaZivn0V8nnsMJGBr4jVLxHDheKSW88PyxS5QC4Vo9ZbZVvhzlSxY87fVq3STR6r+4cGepyHkcWOQSw=="
    },
    "node_modules/dygraphs": {
      "version": "2.2.1",
      "resolved": "https://registry.npmjs.org/dygraphs/-/dygraphs-2.2.1.tgz",
      "integrity": "sha512-xnuvsvh2H/FKvJjTSlXgJpwCOhLOi3u0sHw1gsJg/Bmf29y6bnO14PbTz8MwHOa3GIbKqqgKVBMSOi+Z1gI2Gg=="
    },
    "node_modules/fill-range": {
      "version": "7.0.1",
      "resolved": "https://registry.npmjs.org/fill-range/-/fill-range-7.0.1.tgz",
      "integrity": "sha512-qOo9F+dMUmC2Lcb4BbVvnKJxTPjCm+RRpe4gDuGrzkL7mEVl/djYSu2OdQ2Pa302N4oqkSg9ir6jaLWJ2USVpQ==",
      "dependencies": {
        "to-regex-range": "^5.0.1"
      },
      "engines": {
        "node": ">=8"
      }
    },
    "node_modules/fsevents": {
      "version": "2.3.2",
      "resolved": "https://registry.npmjs.org/fsevents/-/fsevents-2.3.2.tgz",
      "integrity": "sha512-xiqMQR4xAeHTuB9uWm+fFRcIOgKBMiOBP+eXiyT7jsgVCq1bkVygt00oASowB7EdtpOHaaPgKt812P9ab+DDKA==",
      "hasInstallScript": true,
      "optional": true,
      "os": [
        "darwin"
      ],
      "engines": {
        "node": "^8.16.0 || ^10.6.0 || >=11.0.0"
      }
    },
    "node_modules/glob-parent": {
      "version": "5.1.2",
      "resolved": "https://registry.npmjs.org/glob-parent/-/glob-parent-5.1.2.tgz",
      "integrity": "sha512-AOIgSQCepiJYwP3ARnGx+5VnTu2HBYdzbGP45eLw1vr3zB3vZLeyed1sC9hnbcOc9/SrMyM5RPQrkGz4aS9Zow==",
      "dependencies": {
        "is-glob": "^4.0.1"
      },
      "engines": {
        "node": ">= 6"
      }
    },
    "node_modules/good-listener": {
      "version": "1.2.2",
      "resolved": "https://registry.npmjs.org/good-listener/-/good-listener-1.2.2.tgz",
      "integrity": "sha512-goW1b+d9q/HIwbVYZzZ6SsTr4IgE+WA44A0GmPIQstuOrgsFcT7VEJ48nmr9GaRtNu0XTKacFLGnBPAM6Afouw==",
      "dependencies": {
        "delegate": "^3.1.2"
      }
    },
    "node_modules/graphlib": {
      "version": "2.1.8",
      "resolved": "https://registry.npmjs.org/graphlib/-/graphlib-2.1.8.tgz",
      "integrity": "sha512-jcLLfkpoVGmH7/InMC/1hIvOPSUh38oJtGhvrOFGzioE1DZ+0YW16RgmOJhHiuWTvGiJQ9Z1Ik43JvkRPRvE+A==",
      "dependencies": {
        "lodash": "^4.17.15"
      }
    },
    "node_modules/heap": {
      "version": "0.2.7",
      "resolved": "https://registry.npmjs.org/heap/-/heap-0.2.7.tgz",
      "integrity": "sha512-2bsegYkkHO+h/9MGbn6KWcE45cHZgPANo5LXF7EvWdT0yT2EguSVO1nDgU5c8+ZOPwp2vMNa7YFsJhVcDR9Sdg=="
    },
    "node_modules/immutable": {
      "version": "4.3.0",
      "resolved": "https://registry.npmjs.org/immutable/-/immutable-4.3.0.tgz",
      "integrity": "sha512-0AOCmOip+xgJwEVTQj1EfiDDOkPmuyllDuTuEX+DDXUgapLAsBIfkg3sxCYyCEA8mQqZrrxPUGjcOQ2JS3WLkg=="
    },
    "node_modules/iobuffer": {
      "version": "5.3.2",
      "resolved": "https://registry.npmjs.org/iobuffer/-/iobuffer-5.3.2.tgz",
      "integrity": "sha512-kO3CjNfLZ9t+tHxAMd+Xk4v3D/31E91rMs1dHrm7ikEQrlZ8mLDbQ4z3tZfDM48zOkReas2jx8MWSAmN9+c8Fw=="
    },
    "node_modules/is-binary-path": {
      "version": "2.1.0",
      "resolved": "https://registry.npmjs.org/is-binary-path/-/is-binary-path-2.1.0.tgz",
      "integrity": "sha512-ZMERYes6pDydyuGidse7OsHxtbI7WVeUEozgR/g7rd0xUimYNlvZRE/K2MgZTjWy725IfelLeVcEM97mmtRGXw==",
      "dependencies": {
        "binary-extensions": "^2.0.0"
      },
      "engines": {
        "node": ">=8"
      }
    },
    "node_modules/is-extglob": {
      "version": "2.1.1",
      "resolved": "https://registry.npmjs.org/is-extglob/-/is-extglob-2.1.1.tgz",
      "integrity": "sha512-SbKbANkN603Vi4jEZv49LeVJMn4yGwsbzZworEoyEiutsN3nJYdbO36zfhGJ6QEDpOZIFkDtnq5JRxmvl3jsoQ==",
      "engines": {
        "node": ">=0.10.0"
      }
    },
    "node_modules/is-glob": {
      "version": "4.0.3",
      "resolved": "https://registry.npmjs.org/is-glob/-/is-glob-4.0.3.tgz",
      "integrity": "sha512-xelSayHH36ZgE7ZWhli7pW34hNbNl8Ojv5KVmkJD4hBdD3th8Tfk9vYasLM+mXWOZhFkgZfxhLSnrwRr4elSSg==",
      "dependencies": {
        "is-extglob": "^2.1.1"
      },
      "engines": {
        "node": ">=0.10.0"
      }
    },
    "node_modules/is-number": {
      "version": "7.0.0",
      "resolved": "https://registry.npmjs.org/is-number/-/is-number-7.0.0.tgz",
      "integrity": "sha512-41Cifkg6e8TylSpdtTpeLVMqvSBEVzTttHvERD741+pnZ8ANv0004MRL43QKPDlK9cGvNp6NZWZUBlbGXYxxng==",
      "engines": {
        "node": ">=0.12.0"
      }
    },
    "node_modules/jquery": {
      "version": "3.7.0",
      "resolved": "https://registry.npmjs.org/jquery/-/jquery-3.7.0.tgz",
      "integrity": "sha512-umpJ0/k8X0MvD1ds0P9SfowREz2LenHsQaxSohMZ5OMNEU2r0tf8pdeEFTHMFxWVxKNyU9rTtK3CWzUCTKJUeQ=="
    },
    "node_modules/jquery-ui": {
      "version": "1.13.2",
      "resolved": "https://registry.npmjs.org/jquery-ui/-/jquery-ui-1.13.2.tgz",
      "integrity": "sha512-wBZPnqWs5GaYJmo1Jj0k/mrSkzdQzKDwhXNtHKcBdAcKVxMM3KNYFq+iJ2i1rwiG53Z8M4mTn3Qxrm17uH1D4Q==",
      "dependencies": {
        "jquery": ">=1.8.0 <4.0.0"
      }
    },
    "node_modules/lodash": {
      "version": "4.17.21",
      "resolved": "https://registry.npmjs.org/lodash/-/lodash-4.17.21.tgz",
      "integrity": "sha512-v2kDEe57lecTulaDIuNTPy3Ry4gLGJ6Z1O3vE1krgXZNrsQ+LFTGHVxVjcXPs17LhbZVGedAJv8XZ1tvj5FvSg=="
    },
    "node_modules/netcdfjs": {
      "version": "2.0.2",
      "resolved": "https://registry.npmjs.org/netcdfjs/-/netcdfjs-2.0.2.tgz",
      "integrity": "sha512-Uyz+3rqdF3D4WhnQY3lmG/FBY53OsDfloYnjBhoG+jZZs25RXWIOVU8d+V852Kv0xgtt1MzaSdeYmUS9enJ+ow==",
      "dependencies": {
        "iobuffer": "^5.2.1"
      }
    },
    "node_modules/normalize-path": {
      "version": "3.0.0",
      "resolved": "https://registry.npmjs.org/normalize-path/-/normalize-path-3.0.0.tgz",
      "integrity": "sha512-6eZs5Ls3WtCisHWp9S2GUy8dqkpGi4BVSz3GaqiE6ezub0512ESztXUwUB6C6IKbQkY2Pnb/mD4WYojCRwcwLA==",
      "engines": {
        "node": ">=0.10.0"
      }
    },
    "node_modules/pako": {
      "version": "2.1.0",
      "resolved": "https://registry.npmjs.org/pako/-/pako-2.1.0.tgz",
      "integrity": "sha512-w+eufiZ1WuJYgPXbV/PO3NCMEc3xqylkKHzp8bxp1uW4qaSNQUkwmLLEc3kKsfz8lpV1F8Ht3U1Cm+9Srog2ug=="
    },
    "node_modules/picomatch": {
      "version": "2.3.1",
      "resolved": "https://registry.npmjs.org/picomatch/-/picomatch-2.3.1.tgz",
      "integrity": "sha512-JU3teHTNjmE2VCGFzuY8EXzCDVwEqB2a8fsIvwaStHhAWJEeVd1o1QD80CU6+ZdEXXSLbSsuLwJjkCBWqRQUVA==",
      "engines": {
        "node": ">=8.6"
      },
      "funding": {
        "url": "https://github.com/sponsors/jonschlinkert"
      }
    },
    "node_modules/readdirp": {
      "version": "3.6.0",
      "resolved": "https://registry.npmjs.org/readdirp/-/readdirp-3.6.0.tgz",
      "integrity": "sha512-hOS089on8RduqdbhvQ5Z37A0ESjsqz6qnRcffsMU3495FuTdqSm+7bhJ29JvIOsBDEEnan5DPu9t3To9VRlMzA==",
      "dependencies": {
        "picomatch": "^2.2.1"
      },
      "engines": {
        "node": ">=8.10.0"
      }
    },
    "node_modules/sass": {
      "version": "1.63.4",
      "resolved": "https://registry.npmjs.org/sass/-/sass-1.63.4.tgz",
      "integrity": "sha512-Sx/+weUmK+oiIlI+9sdD0wZHsqpbgQg8wSwSnGBjwb5GwqFhYNwwnI+UWZtLjKvKyFlKkatRK235qQ3mokyPoQ==",
      "dependencies": {
        "chokidar": ">=3.0.0 <4.0.0",
        "immutable": "^4.0.0",
        "source-map-js": ">=0.6.2 <2.0.0"
      },
      "bin": {
        "sass": "sass.js"
      },
      "engines": {
        "node": ">=14.0.0"
      }
    },
    "node_modules/select": {
      "version": "1.1.2",
      "resolved": "https://registry.npmjs.org/select/-/select-1.1.2.tgz",
      "integrity": "sha512-OwpTSOfy6xSs1+pwcNrv0RBMOzI39Lp3qQKUTPVVPRjCdNa5JH/oPRiqsesIskK8TVgmRiHwO4KXlV2Li9dANA=="
    },
    "node_modules/shepherd.js": {
      "version": "11.1.1",
      "resolved": "https://registry.npmjs.org/shepherd.js/-/shepherd.js-11.1.1.tgz",
      "integrity": "sha512-7nVEgLTZUu5qQCKTlzQeKL1AQd2rG9Y9iqzZUgGvCFwMUZZhfwtZ6eEyMWMYw0zl8qKjSrjgzxFOe+SpfO43aA==",
      "dependencies": {
        "@floating-ui/dom": "^1.2.5",
        "deepmerge": "^4.3.1"
      },
      "engines": {
        "node": "16.* || >= 18"
      },
      "funding": {
        "type": "individual",
        "url": "https://github.com/sponsors/RobbieTheWagner"
      }
    },
    "node_modules/source-map-js": {
      "version": "1.0.2",
      "resolved": "https://registry.npmjs.org/source-map-js/-/source-map-js-1.0.2.tgz",
      "integrity": "sha512-R0XvVJ9WusLiqTCEiGCmICCMplcCkIwwR11mOSD9CR5u+IXYdiseeEuXCVAjS54zqwkLcPNnmU4OeJ6tUrWhDw==",
      "engines": {
        "node": ">=0.10.0"
      }
    },
    "node_modules/tiny-emitter": {
      "version": "2.1.0",
      "resolved": "https://registry.npmjs.org/tiny-emitter/-/tiny-emitter-2.1.0.tgz",
      "integrity": "sha512-NB6Dk1A9xgQPMoGqC5CVXn123gWyte215ONT5Pp5a0yt4nlEoO1ZWeCwpncaekPHXO60i47ihFnZPiRPjRMq4Q=="
    },
    "node_modules/to-regex-range": {
      "version": "5.0.1",
      "resolved": "https://registry.npmjs.org/to-regex-range/-/to-regex-range-5.0.1.tgz",
      "integrity": "sha512-65P7iz6X5yEr1cwcgvQxbbIw7Uk3gOy5dIdtZ4rDveLqhrdJP+Li/Hx6tyK0NEb+2GCyneCMJiGqrADCSNk8sQ==",
      "dependencies": {
        "is-number": "^7.0.0"
      },
      "engines": {
        "node": ">=8.0"
      }
    },
    "node_modules/upng-js": {
      "version": "2.1.0",
      "resolved": "https://registry.npmjs.org/upng-js/-/upng-js-2.1.0.tgz",
      "integrity": "sha512-d3xzZzpMP64YkjP5pr8gNyvBt7dLk/uGI67EctzDuVp4lCZyVMo0aJO6l/VDlgbInJYDY6cnClLoBp29eKWI6g==",
      "dependencies": {
        "pako": "^1.0.5"
      }
    },
    "node_modules/upng-js/node_modules/pako": {
      "version": "1.0.11",
      "resolved": "https://registry.npmjs.org/pako/-/pako-1.0.11.tgz",
      "integrity": "sha512-4hLB8Py4zZce5s4yd9XzopqwVv/yGNhV1Bl8NTmCq1763HeK2+EwVTv+leGeL13Dnh2wfbqowVPXCIO0z4taYw=="
    }
  }
}
